
Microsoft Visual Studio Solution File, Format Version 12.00
# Visual Studio Version 17
VisualStudioVersion = 17.5.33424.131
MinimumVisualStudioVersion = 10.0.40219.1
Project("{FAE04EC0-301F-11D3-BF4B-00C04F79EFBC}") = "TicketHive_MadCats.Server", "TicketHive_MadCats\Server\TicketHive_MadCats.Server.csproj", "{17EC8A3C-029F-475F-8229-1C33CE071841}"
EndProject
Project("{FAE04EC0-301F-11D3-BF4B-00C04F79EFBC}") = "TicketHive_MadCats.Client", "TicketHive_MadCats\Client\TicketHive_MadCats.Client.csproj", "{99F3F037-D789-4418-ADDD-C3079513D367}"
EndProject
Project("{FAE04EC0-301F-11D3-BF4B-00C04F79EFBC}") = "TicketHive_MadCats.Shared", "TicketHive_MadCats\Shared\TicketHive_MadCats.Shared.csproj", "{60795F5C-E6A1-426F-8084-040E83A1BCE3}"
EndProject
Global
	GlobalSection(SolutionConfigurationPlatforms) = preSolution
		Debug|Any CPU = Debug|Any CPU
		Release|Any CPU = Release|Any CPU
	EndGlobalSection
	GlobalSection(ProjectConfigurationPlatforms) = postSolution
		{17EC8A3C-029F-475F-8229-1C33CE071841}.Debug|Any CPU.ActiveCfg = Debug|Any CPU
		{17EC8A3C-029F-475F-8229-1C33CE071841}.Debug|Any CPU.Build.0 = Debug|Any CPU
		{17EC8A3C-029F-475F-8229-1C33CE071841}.Release|Any CPU.ActiveCfg = Release|Any CPU
		{17EC8A3C-029F-475F-8229-1C33CE071841}.Release|Any CPU.Build.0 = Release|Any CPU
		{99F3F037-D789-4418-ADDD-C3079513D367}.Debug|Any CPU.ActiveCfg = Debug|Any CPU
		{99F3F037-D789-4418-ADDD-C3079513D367}.Debug|Any CPU.Build.0 = Debug|Any CPU
		{99F3F037-D789-4418-ADDD-C3079513D367}.Release|Any CPU.ActiveCfg = Release|Any CPU
		{99F3F037-D789-4418-ADDD-C3079513D367}.Release|Any CPU.Build.0 = Release|Any CPU
		{60795F5C-E6A1-426F-8084-040E83A1BCE3}.Debug|Any CPU.ActiveCfg = Debug|Any CPU
		{60795F5C-E6A1-426F-8084-040E83A1BCE3}.Debug|Any CPU.Build.0 = Debug|Any CPU
		{60795F5C-E6A1-426F-8084-040E83A1BCE3}.Release|Any CPU.ActiveCfg = Release|Any CPU
		{60795F5C-E6A1-426F-8084-040E83A1BCE3}.Release|Any CPU.Build.0 = Release|Any CPU
	EndGlobalSection
	GlobalSection(SolutionProperties) = preSolution
		HideSolutionNode = FALSE
	EndGlobalSection
	GlobalSection(ExtensibilityGlobals) = postSolution
		SolutionGuid = {EC1A655F-5D28-45F9-BFF5-2377DE5ED00C}
	EndGlobalSection
EndGlobal
